// !$*UTF8*$!
{
	archiveVersion = 1;
	classes = {
	};
	objectVersion = 50;
	objects = {

/* Begin PBXBuildFile section */
		5461C1F32436CCEE00F02694 /* AppDelegate.swift in Sources */ = {isa = PBXBuildFile; fileRef = 5461C1F22436CCEE00F02694 /* AppDelegate.swift */; };
		5461C1F52436CCEE00F02694 /* SceneDelegate.swift in Sources */ = {isa = PBXBuildFile; fileRef = 5461C1F42436CCEE00F02694 /* SceneDelegate.swift */; };
		5461C1F72436CCEE00F02694 /* IntroViewController.swift in Sources */ = {isa = PBXBuildFile; fileRef = 5461C1F62436CCEE00F02694 /* IntroViewController.swift */; };
		5461C1FA2436CCEE00F02694 /* Main.storyboard in Resources */ = {isa = PBXBuildFile; fileRef = 5461C1F82436CCEE00F02694 /* Main.storyboard */; };
		5461C1FC2436CCFD00F02694 /* Assets.xcassets in Resources */ = {isa = PBXBuildFile; fileRef = 5461C1FB2436CCFD00F02694 /* Assets.xcassets */; };
		5461C1FF2436CCFD00F02694 /* LaunchScreen.storyboard in Resources */ = {isa = PBXBuildFile; fileRef = 5461C1FD2436CCFD00F02694 /* LaunchScreen.storyboard */; };
		5461C20D2436F5B500F02694 /* Intro.m4a in Resources */ = {isa = PBXBuildFile; fileRef = 5461C20C2436F5B500F02694 /* Intro.m4a */; };
		5461C20F2436FB5600F02694 /* MenuBrains.swift in Sources */ = {isa = PBXBuildFile; fileRef = 5461C20E2436FB5600F02694 /* MenuBrains.swift */; };
		5461C2112436FC8900F02694 /* OptionsViewController.swift in Sources */ = {isa = PBXBuildFile; fileRef = 5461C2102436FC8900F02694 /* OptionsViewController.swift */; };
		5461C2132437055600F02694 /* SingleARViewController.swift in Sources */ = {isa = PBXBuildFile; fileRef = 5461C2122437055600F02694 /* SingleARViewController.swift */; };
		5461C21A2437E5C800F02694 /* SingleARBrains.swift in Sources */ = {isa = PBXBuildFile; fileRef = 5461C2192437E5C800F02694 /* SingleARBrains.swift */; };
		5489C0852447F37100B44030 /* SIngleARViewControllerDelegates.swift in Sources */ = {isa = PBXBuildFile; fileRef = 5489C0842447F37100B44030 /* SIngleARViewControllerDelegates.swift */; };
		5489C0872447F5A200B44030 /* 3D Models.scnassets in Resources */ = {isa = PBXBuildFile; fileRef = 5489C0862447F5A200B44030 /* 3D Models.scnassets */; };
/* End PBXBuildFile section */

/* Begin PBXFileReference section */
		5461C1EF2436CCEE00F02694 /* ARacing.app */ = {isa = PBXFileReference; explicitFileType = wrapper.application; includeInIndex = 0; path = ARacing.app; sourceTree = BUILT_PRODUCTS_DIR; };
		5461C1F22436CCEE00F02694 /* AppDelegate.swift */ = {isa = PBXFileReference; lastKnownFileType = sourcecode.swift; path = AppDelegate.swift; sourceTree = "<group>"; };
		5461C1F42436CCEE00F02694 /* SceneDelegate.swift */ = {isa = PBXFileReference; lastKnownFileType = sourcecode.swift; path = SceneDelegate.swift; sourceTree = "<group>"; };
		5461C1F62436CCEE00F02694 /* IntroViewController.swift */ = {isa = PBXFileReference; lastKnownFileType = sourcecode.swift; path = IntroViewController.swift; sourceTree = "<group>"; };
		5461C1F92436CCEE00F02694 /* Base */ = {isa = PBXFileReference; lastKnownFileType = file.storyboard; name = Base; path = Base.lproj/Main.storyboard; sourceTree = "<group>"; };
		5461C1FB2436CCFD00F02694 /* Assets.xcassets */ = {isa = PBXFileReference; lastKnownFileType = folder.assetcatalog; path = Assets.xcassets; sourceTree = "<group>"; };
		5461C1FE2436CCFD00F02694 /* Base */ = {isa = PBXFileReference; lastKnownFileType = file.storyboard; name = Base; path = Base.lproj/LaunchScreen.storyboard; sourceTree = "<group>"; };
		5461C2002436CCFD00F02694 /* Info.plist */ = {isa = PBXFileReference; lastKnownFileType = text.plist.xml; path = Info.plist; sourceTree = "<group>"; };
		5461C20C2436F5B500F02694 /* Intro.m4a */ = {isa = PBXFileReference; lastKnownFileType = file; path = Intro.m4a; sourceTree = "<group>"; };
		5461C20E2436FB5600F02694 /* MenuBrains.swift */ = {isa = PBXFileReference; lastKnownFileType = sourcecode.swift; path = MenuBrains.swift; sourceTree = "<group>"; };
		5461C2102436FC8900F02694 /* OptionsViewController.swift */ = {isa = PBXFileReference; lastKnownFileType = sourcecode.swift; path = OptionsViewController.swift; sourceTree = "<group>"; };
		5461C2122437055600F02694 /* SingleARViewController.swift */ = {isa = PBXFileReference; lastKnownFileType = sourcecode.swift; path = SingleARViewController.swift; sourceTree = "<group>"; };
		5461C2192437E5C800F02694 /* SingleARBrains.swift */ = {isa = PBXFileReference; lastKnownFileType = sourcecode.swift; path = SingleARBrains.swift; sourceTree = "<group>"; };
		5489C0842447F37100B44030 /* SIngleARViewControllerDelegates.swift */ = {isa = PBXFileReference; lastKnownFileType = sourcecode.swift; path = SIngleARViewControllerDelegates.swift; sourceTree = "<group>"; };
		5489C0862447F5A200B44030 /* 3D Models.scnassets */ = {isa = PBXFileReference; lastKnownFileType = wrapper.scnassets; path = "3D Models.scnassets"; sourceTree = "<group>"; };
/* End PBXFileReference section */

/* Begin PBXFrameworksBuildPhase section */
		5461C1EC2436CCEE00F02694 /* Frameworks */ = {
			isa = PBXFrameworksBuildPhase;
			buildActionMask = 2147483647;
			files = (
			);
			runOnlyForDeploymentPostprocessing = 0;
		};
/* End PBXFrameworksBuildPhase section */

/* Begin PBXGroup section */
		5461C1E62436CCEE00F02694 = {
			isa = PBXGroup;
			children = (
				5461C1F12436CCEE00F02694 /* ARacing */,
				5461C1F02436CCEE00F02694 /* Products */,
			);
			sourceTree = "<group>";
		};
		5461C1F02436CCEE00F02694 /* Products */ = {
			isa = PBXGroup;
			children = (
				5461C1EF2436CCEE00F02694 /* ARacing.app */,
			);
			name = Products;
			sourceTree = "<group>";
		};
		5461C1F12436CCEE00F02694 /* ARacing */ = {
			isa = PBXGroup;
			children = (
				5461C2092436F55B00F02694 /* Sounds */,
				5489C0862447F5A200B44030 /* 3D Models.scnassets */,
				5461C1FB2436CCFD00F02694 /* Assets.xcassets */,
				5461C1F42436CCEE00F02694 /* SceneDelegate.swift */,
				5461C1F22436CCEE00F02694 /* AppDelegate.swift */,
				5461C2082436CD5800F02694 /* Model */,
				5461C2072436CD4400F02694 /* View */,
				5461C2062436CD3600F02694 /* Controler */,
				5461C1FD2436CCFD00F02694 /* LaunchScreen.storyboard */,
				5461C2002436CCFD00F02694 /* Info.plist */,
			);
			path = ARacing;
			sourceTree = "<group>";
		};
		5461C2062436CD3600F02694 /* Controler */ = {
			isa = PBXGroup;
			children = (
				5461C1F62436CCEE00F02694 /* IntroViewController.swift */,
				5461C2102436FC8900F02694 /* OptionsViewController.swift */,
				5461C2122437055600F02694 /* SingleARViewController.swift */,
				5489C0842447F37100B44030 /* SIngleARViewControllerDelegates.swift */,
			);
			path = Controler;
			sourceTree = "<group>";
		};
		5461C2072436CD4400F02694 /* View */ = {
			isa = PBXGroup;
			children = (
				5461C1F82436CCEE00F02694 /* Main.storyboard */,
			);
			path = View;
			sourceTree = "<group>";
		};
		5461C2082436CD5800F02694 /* Model */ = {
			isa = PBXGroup;
			children = (
				5461C20E2436FB5600F02694 /* MenuBrains.swift */,
				5461C2192437E5C800F02694 /* SingleARBrains.swift */,
			);
			path = Model;
			sourceTree = "<group>";
		};
		5461C2092436F55B00F02694 /* Sounds */ = {
			isa = PBXGroup;
			children = (
				5461C20C2436F5B500F02694 /* Intro.m4a */,
			);
			path = Sounds;
			sourceTree = "<group>";
		};
/* End PBXGroup section */

/* Begin PBXNativeTarget section */
		5461C1EE2436CCEE00F02694 /* ARacing */ = {
			isa = PBXNativeTarget;
			buildConfigurationList = 5461C2032436CCFD00F02694 /* Build configuration list for PBXNativeTarget "ARacing" */;
			buildPhases = (
				5461C1EB2436CCEE00F02694 /* Sources */,
				5461C1EC2436CCEE00F02694 /* Frameworks */,
				5461C1ED2436CCEE00F02694 /* Resources */,
			);
			buildRules = (
			);
			dependencies = (
			);
			name = ARacing;
			productName = ARacing;
			productReference = 5461C1EF2436CCEE00F02694 /* ARacing.app */;
			productType = "com.apple.product-type.application";
		};
/* End PBXNativeTarget section */

/* Begin PBXProject section */
		5461C1E72436CCEE00F02694 /* Project object */ = {
			isa = PBXProject;
			attributes = {
				LastSwiftUpdateCheck = 1140;
				LastUpgradeCheck = 1140;
				ORGANIZATIONNAME = "Everton Cardoso";
				TargetAttributes = {
					5461C1EE2436CCEE00F02694 = {
						CreatedOnToolsVersion = 11.4;
					};
				};
			};
			buildConfigurationList = 5461C1EA2436CCEE00F02694 /* Build configuration list for PBXProject "ARacing" */;
			compatibilityVersion = "Xcode 9.3";
			developmentRegion = en;
			hasScannedForEncodings = 0;
			knownRegions = (
				en,
				Base,
			);
			mainGroup = 5461C1E62436CCEE00F02694;
			productRefGroup = 5461C1F02436CCEE00F02694 /* Products */;
			projectDirPath = "";
			projectRoot = "";
			targets = (
				5461C1EE2436CCEE00F02694 /* ARacing */,
			);
		};
/* End PBXProject section */

/* Begin PBXResourcesBuildPhase section */
		5461C1ED2436CCEE00F02694 /* Resources */ = {
			isa = PBXResourcesBuildPhase;
			buildActionMask = 2147483647;
			files = (
				5461C1FF2436CCFD00F02694 /* LaunchScreen.storyboard in Resources */,
				5489C0872447F5A200B44030 /* 3D Models.scnassets in Resources */,
				5461C20D2436F5B500F02694 /* Intro.m4a in Resources */,
				5461C1FC2436CCFD00F02694 /* Assets.xcassets in Resources */,
				5461C1FA2436CCEE00F02694 /* Main.storyboard in Resources */,
			);
			runOnlyForDeploymentPostprocessing = 0;
		};
/* End PBXResourcesBuildPhase section */

/* Begin PBXSourcesBuildPhase section */
		5461C1EB2436CCEE00F02694 /* Sources */ = {
			isa = PBXSourcesBuildPhase;
			buildActionMask = 2147483647;
			files = (
				5461C1F72436CCEE00F02694 /* IntroViewController.swift in Sources */,
				5461C1F32436CCEE00F02694 /* AppDelegate.swift in Sources */,
				5489C0852447F37100B44030 /* SIngleARViewControllerDelegates.swift in Sources */,
				5461C1F52436CCEE00F02694 /* SceneDelegate.swift in Sources */,
				5461C21A2437E5C800F02694 /* SingleARBrains.swift in Sources */,
				5461C2132437055600F02694 /* SingleARViewController.swift in Sources */,
				5461C20F2436FB5600F02694 /* MenuBrains.swift in Sources */,
				5461C2112436FC8900F02694 /* OptionsViewController.swift in Sources */,
			);
			runOnlyForDeploymentPostprocessing = 0;
		};
/* End PBXSourcesBuildPhase section */

/* Begin PBXVariantGroup section */
		5461C1F82436CCEE00F02694 /* Main.storyboard */ = {
			isa = PBXVariantGroup;
			children = (
				5461C1F92436CCEE00F02694 /* Base */,
			);
			name = Main.storyboard;
			sourceTree = "<group>";
		};
		5461C1FD2436CCFD00F02694 /* LaunchScreen.storyboard */ = {
			isa = PBXVariantGroup;
			children = (
				5461C1FE2436CCFD00F02694 /* Base */,
			);
			name = LaunchScreen.storyboard;
			sourceTree = "<group>";
		};
/* End PBXVariantGroup section */

/* Begin XCBuildConfiguration section */
		5461C2012436CCFD00F02694 /* Debug */ = {
			isa = XCBuildConfiguration;
			buildSettings = {
				ALWAYS_SEARCH_USER_PATHS = NO;
				CLANG_ANALYZER_NONNULL = YES;
				CLANG_ANALYZER_NUMBER_OBJECT_CONVERSION = YES_AGGRESSIVE;
				CLANG_CXX_LANGUAGE_STANDARD = "gnu++14";
				CLANG_CXX_LIBRARY = "libc++";
				CLANG_ENABLE_MODULES = YES;
				CLANG_ENABLE_OBJC_ARC = YES;
				CLANG_ENABLE_OBJC_WEAK = YES;
				CLANG_WARN_BLOCK_CAPTURE_AUTORELEASING = YES;
				CLANG_WARN_BOOL_CONVERSION = YES;
				CLANG_WARN_COMMA = YES;
				CLANG_WARN_CONSTANT_CONVERSION = YES;
				CLANG_WARN_DEPRECATED_OBJC_IMPLEMENTATIONS = YES;
				CLANG_WARN_DIRECT_OBJC_ISA_USAGE = YES_ERROR;
				CLANG_WARN_DOCUMENTATION_COMMENTS = YES;
				CLANG_WARN_EMPTY_BODY = YES;
				CLANG_WARN_ENUM_CONVERSION = YES;
				CLANG_WARN_INFINITE_RECURSION = YES;
				CLANG_WARN_INT_CONVERSION = YES;
				CLANG_WARN_NON_LITERAL_NULL_CONVERSION = YES;
				CLANG_WARN_OBJC_IMPLICIT_RETAIN_SELF = YES;
				CLANG_WARN_OBJC_LITERAL_CONVERSION = YES;
				CLANG_WARN_OBJC_ROOT_CLASS = YES_ERROR;
				CLANG_WARN_RANGE_LOOP_ANALYSIS = YES;
				CLANG_WARN_STRICT_PROTOTYPES = YES;
				CLANG_WARN_SUSPICIOUS_MOVE = YES;
				CLANG_WARN_UNGUARDED_AVAILABILITY = YES_AGGRESSIVE;
				CLANG_WARN_UNREACHABLE_CODE = YES;
				CLANG_WARN__DUPLICATE_METHOD_MATCH = YES;
				COPY_PHASE_STRIP = NO;
				DEBUG_INFORMATION_FORMAT = dwarf;
				ENABLE_STRICT_OBJC_MSGSEND = YES;
				ENABLE_TESTABILITY = YES;
				GCC_C_LANGUAGE_STANDARD = gnu11;
				GCC_DYNAMIC_NO_PIC = NO;
				GCC_NO_COMMON_BLOCKS = YES;
				GCC_OPTIMIZATION_LEVEL = 0;
				GCC_PREPROCESSOR_DEFINITIONS = (
					"DEBUG=1",
					"$(inherited)",
				);
				GCC_WARN_64_TO_32_BIT_CONVERSION = YES;
				GCC_WARN_ABOUT_RETURN_TYPE = YES_ERROR;
				GCC_WARN_UNDECLARED_SELECTOR = YES;
				GCC_WARN_UNINITIALIZED_AUTOS = YES_AGGRESSIVE;
				GCC_WARN_UNUSED_FUNCTION = YES;
				GCC_WARN_UNUSED_VARIABLE = YES;
				IPHONEOS_DEPLOYMENT_TARGET = 13.4;
				MTL_ENABLE_DEBUG_INFO = INCLUDE_SOURCE;
				MTL_FAST_MATH = YES;
				ONLY_ACTIVE_ARCH = YES;
				SDKROOT = iphoneos;
				SWIFT_ACTIVE_COMPILATION_CONDITIONS = DEBUG;
				SWIFT_OPTIMIZATION_LEVEL = "-Onone";
			};
			name = Debug;
		};
		5461C2022436CCFD00F02694 /* Release */ = {
			isa = XCBuildConfiguration;
			buildSettings = {
				ALWAYS_SEARCH_USER_PATHS = NO;
				CLANG_ANALYZER_NONNULL = YES;
				CLANG_ANALYZER_NUMBER_OBJECT_CONVERSION = YES_AGGRESSIVE;
				CLANG_CXX_LANGUAGE_STANDARD = "gnu++14";
				CLANG_CXX_LIBRARY = "libc++";
				CLANG_ENABLE_MODULES = YES;
				CLANG_ENABLE_OBJC_ARC = YES;
				CLANG_ENABLE_OBJC_WEAK = YES;
				CLANG_WARN_BLOCK_CAPTURE_AUTORELEASING = YES;
				CLANG_WARN_BOOL_CONVERSION = YES;
				CLANG_WARN_COMMA = YES;
				CLANG_WARN_CONSTANT_CONVERSION = YES;
				CLANG_WARN_DEPRECATED_OBJC_IMPLEMENTATIONS = YES;
				CLANG_WARN_DIRECT_OBJC_ISA_USAGE = YES_ERROR;
				CLANG_WARN_DOCUMENTATION_COMMENTS = YES;
				CLANG_WARN_EMPTY_BODY = YES;
				CLANG_WARN_ENUM_CONVERSION = YES;
				CLANG_WARN_INFINITE_RECURSION = YES;
				CLANG_WARN_INT_CONVERSION = YES;
				CLANG_WARN_NON_LITERAL_NULL_CONVERSION = YES;
				CLANG_WARN_OBJC_IMPLICIT_RETAIN_SELF = YES;
				CLANG_WARN_OBJC_LITERAL_CONVERSION = YES;
				CLANG_WARN_OBJC_ROOT_CLASS = YES_ERROR;
				CLANG_WARN_RANGE_LOOP_ANALYSIS = YES;
				CLANG_WARN_STRICT_PROTOTYPES = YES;
				CLANG_WARN_SUSPICIOUS_MOVE = YES;
				CLANG_WARN_UNGUARDED_AVAILABILITY = YES_AGGRESSIVE;
				CLANG_WARN_UNREACHABLE_CODE = YES;
				CLANG_WARN__DUPLICATE_METHOD_MATCH = YES;
				COPY_PHASE_STRIP = NO;
				DEBUG_INFORMATION_FORMAT = "dwarf-with-dsym";
				ENABLE_NS_ASSERTIONS = NO;
				ENABLE_STRICT_OBJC_MSGSEND = YES;
				GCC_C_LANGUAGE_STANDARD = gnu11;
				GCC_NO_COMMON_BLOCKS = YES;
				GCC_WARN_64_TO_32_BIT_CONVERSION = YES;
				GCC_WARN_ABOUT_RETURN_TYPE = YES_ERROR;
				GCC_WARN_UNDECLARED_SELECTOR = YES;
				GCC_WARN_UNINITIALIZED_AUTOS = YES_AGGRESSIVE;
				GCC_WARN_UNUSED_FUNCTION = YES;
				GCC_WARN_UNUSED_VARIABLE = YES;
				IPHONEOS_DEPLOYMENT_TARGET = 13.4;
				MTL_ENABLE_DEBUG_INFO = NO;
				MTL_FAST_MATH = YES;
				SDKROOT = iphoneos;
				SWIFT_COMPILATION_MODE = wholemodule;
				SWIFT_OPTIMIZATION_LEVEL = "-O";
				VALIDATE_PRODUCT = YES;
			};
			name = Release;
		};
		5461C2042436CCFD00F02694 /* Debug */ = {
			isa = XCBuildConfiguration;
			buildSettings = {
				ASSETCATALOG_COMPILER_APPICON_NAME = AppIcon;
				CODE_SIGN_STYLE = Automatic;
				DEVELOPMENT_TEAM = C45YPRDNJ2;
				INFOPLIST_FILE = ARacing/Info.plist;
				LD_RUNPATH_SEARCH_PATHS = (
					"$(inherited)",
					"@executable_path/Frameworks",
				);
				PRODUCT_BUNDLE_IDENTIFIER = EvertonCa.ARacing;
				PRODUCT_NAME = "$(TARGET_NAME)";
				SWIFT_VERSION = 5.0;
				TARGETED_DEVICE_FAMILY = "1,2";
			};
			name = Debug;
		};
		5461C2052436CCFD00F02694 /* Release */ = {
			isa = XCBuildConfiguration;
			buildSettings = {
				ASSETCATALOG_COMPILER_APPICON_NAME = AppIcon;
				CODE_SIGN_STYLE = Automatic;
				DEVELOPMENT_TEAM = C45YPRDNJ2;
				INFOPLIST_FILE = ARacing/Info.plist;
				LD_RUNPATH_SEARCH_PATHS = (
					"$(inherited)",
					"@executable_path/Frameworks",
				);
				PRODUCT_BUNDLE_IDENTIFIER = EvertonCa.ARacing;
				PRODUCT_NAME = "$(TARGET_NAME)";
				SWIFT_VERSION = 5.0;
				TARGETED_DEVICE_FAMILY = "1,2";
			};
			name = Release;
		};
/* End XCBuildConfiguration section */

/* Begin XCConfigurationList section */
		5461C1EA2436CCEE00F02694 /* Build configuration list for PBXProject "ARacing" */ = {
			isa = XCConfigurationList;
			buildConfigurations = (
				5461C2012436CCFD00F02694 /* Debug */,
				5461C2022436CCFD00F02694 /* Release */,
			);
			defaultConfigurationIsVisible = 0;
			defaultConfigurationName = Release;
		};
		5461C2032436CCFD00F02694 /* Build configuration list for PBXNativeTarget "ARacing" */ = {
			isa = XCConfigurationList;
			buildConfigurations = (
				5461C2042436CCFD00F02694 /* Debug */,
				5461C2052436CCFD00F02694 /* Release */,
			);
			defaultConfigurationIsVisible = 0;
			defaultConfigurationName = Release;
		};
/* End XCConfigurationList section */
	};
	rootObject = 5461C1E72436CCEE00F02694 /* Project object */;
}
